
Microsoft Visual Studio Solution File, Format Version 12.00
# Visual Studio Version 17
VisualStudioVersion = 17.9.34622.214
MinimumVisualStudioVersion = 10.0.40219.1
Project("{FAE04EC0-301F-11D3-BF4B-00C04F79EFBC}") = "PuntoVenta", "PuntoVenta\PuntoVenta.csproj", "{FDBF625C-3B17-45AD-8529-BDF558FF2966}"
EndProject
Global
	GlobalSection(SolutionConfigurationPlatforms) = preSolution
		Debug|Any CPU = Debug|Any CPU
		Release|Any CPU = Release|Any CPU
	EndGlobalSection
	GlobalSection(ProjectConfigurationPlatforms) = postSolution
		{FDBF625C-3B17-45AD-8529-BDF558FF2966}.Debug|Any CPU.ActiveCfg = Debug|Any CPU
		{FDBF625C-3B17-45AD-8529-BDF558FF2966}.Debug|Any CPU.Build.0 = Debug|Any CPU
		{FDBF625C-3B17-45AD-8529-BDF558FF2966}.Release|Any CPU.ActiveCfg = Release|Any CPU
		{FDBF625C-3B17-45AD-8529-BDF558FF2966}.Release|Any CPU.Build.0 = Release|Any CPU
	EndGlobalSection
	GlobalSection(SolutionProperties) = preSolution
		HideSolutionNode = FALSE
	EndGlobalSection
	GlobalSection(ExtensibilityGlobals) = postSolution
		SolutionGuid = {3537AFA7-34F4-4252-96B0-27B1BF96C386}
	EndGlobalSection
EndGlobal
